// !$*UTF8*$!
{
	archiveVersion = 1;
	classes = {
	};
	objectVersion = 46;
	objects = {

/* Begin PBXBuildFile section */
		7A553C671A54969D00876F94 /* AppDelegate.swift in Sources */ = {isa = PBXBuildFile; fileRef = 7A553C661A54969D00876F94 /* AppDelegate.swift */; };
		7A553C691A54969D00876F94 /* ViewController.swift in Sources */ = {isa = PBXBuildFile; fileRef = 7A553C681A54969D00876F94 /* ViewController.swift */; };
		7A553C6C1A54969D00876F94 /* Main.storyboard in Resources */ = {isa = PBXBuildFile; fileRef = 7A553C6A1A54969D00876F94 /* Main.storyboard */; };
		7A553C6E1A54969D00876F94 /* Images.xcassets in Resources */ = {isa = PBXBuildFile; fileRef = 7A553C6D1A54969D00876F94 /* Images.xcassets */; };
		7A553C711A54969D00876F94 /* LaunchScreen.xib in Resources */ = {isa = PBXBuildFile; fileRef = 7A553C6F1A54969D00876F94 /* LaunchScreen.xib */; };
		7A553C7D1A54969D00876F94 /* LionsAndTigersTests.swift in Sources */ = {isa = PBXBuildFile; fileRef = 7A553C7C1A54969D00876F94 /* LionsAndTigersTests.swift */; };
		7A553C871A549A3500876F94 /* Tiger.swift in Sources */ = {isa = PBXBuildFile; fileRef = 7A553C861A549A3500876F94 /* Tiger.swift */; };
		7A553C901A549C8300876F94 /* BengalTiger.jpg in Resources */ = {isa = PBXBuildFile; fileRef = 7A553C881A549C8300876F94 /* BengalTiger.jpg */; };
		7A553C911A549C8300876F94 /* IndochineseTiger.jpg in Resources */ = {isa = PBXBuildFile; fileRef = 7A553C891A549C8300876F94 /* IndochineseTiger.jpg */; };
		7A553C921A549C8300876F94 /* Lion.jpg in Resources */ = {isa = PBXBuildFile; fileRef = 7A553C8A1A549C8300876F94 /* Lion.jpg */; };
		7A553C931A549C8300876F94 /* LionCub1.jpg in Resources */ = {isa = PBXBuildFile; fileRef = 7A553C8B1A549C8300876F94 /* LionCub1.jpg */; };
		7A553C941A549C8300876F94 /* LionCub2.jpeg in Resources */ = {isa = PBXBuildFile; fileRef = 7A553C8C1A549C8300876F94 /* LionCub2.jpeg */; };
		7A553C951A549C8300876F94 /* Lioness.jpeg in Resources */ = {isa = PBXBuildFile; fileRef = 7A553C8D1A549C8300876F94 /* Lioness.jpeg */; };
		7A553C961A549C8300876F94 /* MalayanTiger.jpg in Resources */ = {isa = PBXBuildFile; fileRef = 7A553C8E1A549C8300876F94 /* MalayanTiger.jpg */; };
		7A553C971A549C8300876F94 /* SiberianTiger.jpg in Resources */ = {isa = PBXBuildFile; fileRef = 7A553C8F1A549C8300876F94 /* SiberianTiger.jpg */; };
/* End PBXBuildFile section */

/* Begin PBXContainerItemProxy section */
		7A553C771A54969D00876F94 /* PBXContainerItemProxy */ = {
			isa = PBXContainerItemProxy;
			containerPortal = 7A553C591A54969D00876F94 /* Project object */;
			proxyType = 1;
			remoteGlobalIDString = 7A553C601A54969D00876F94;
			remoteInfo = LionsAndTigers;
		};
/* End PBXContainerItemProxy section */

/* Begin PBXFileReference section */
		7A553C611A54969D00876F94 /* LionsAndTigers.app */ = {isa = PBXFileReference; explicitFileType = wrapper.application; includeInIndex = 0; path = LionsAndTigers.app; sourceTree = BUILT_PRODUCTS_DIR; };
		7A553C651A54969D00876F94 /* Info.plist */ = {isa = PBXFileReference; lastKnownFileType = text.plist.xml; path = Info.plist; sourceTree = "<group>"; };
		7A553C661A54969D00876F94 /* AppDelegate.swift */ = {isa = PBXFileReference; lastKnownFileType = sourcecode.swift; path = AppDelegate.swift; sourceTree = "<group>"; };
		7A553C681A54969D00876F94 /* ViewController.swift */ = {isa = PBXFileReference; lastKnownFileType = sourcecode.swift; path = ViewController.swift; sourceTree = "<group>"; };
		7A553C6B1A54969D00876F94 /* Base */ = {isa = PBXFileReference; lastKnownFileType = file.storyboard; name = Base; path = Base.lproj/Main.storyboard; sourceTree = "<group>"; };
		7A553C6D1A54969D00876F94 /* Images.xcassets */ = {isa = PBXFileReference; lastKnownFileType = folder.assetcatalog; path = Images.xcassets; sourceTree = "<group>"; };
		7A553C701A54969D00876F94 /* Base */ = {isa = PBXFileReference; lastKnownFileType = file.xib; name = Base; path = Base.lproj/LaunchScreen.xib; sourceTree = "<group>"; };
		7A553C761A54969D00876F94 /* LionsAndTigersTests.xctest */ = {isa = PBXFileReference; explicitFileType = wrapper.cfbundle; includeInIndex = 0; path = LionsAndTigersTests.xctest; sourceTree = BUILT_PRODUCTS_DIR; };
		7A553C7B1A54969D00876F94 /* Info.plist */ = {isa = PBXFileReference; lastKnownFileType = text.plist.xml; path = Info.plist; sourceTree = "<group>"; };
		7A553C7C1A54969D00876F94 /* LionsAndTigersTests.swift */ = {isa = PBXFileReference; lastKnownFileType = sourcecode.swift; path = LionsAndTigersTests.swift; sourceTree = "<group>"; };
		7A553C861A549A3500876F94 /* Tiger.swift */ = {isa = PBXFileReference; fileEncoding = 4; lastKnownFileType = sourcecode.swift; path = Tiger.swift; sourceTree = "<group>"; };
		7A553C881A549C8300876F94 /* BengalTiger.jpg */ = {isa = PBXFileReference; lastKnownFileType = image.jpeg; path = BengalTiger.jpg; sourceTree = "<group>"; };
		7A553C891A549C8300876F94 /* IndochineseTiger.jpg */ = {isa = PBXFileReference; lastKnownFileType = image.jpeg; path = IndochineseTiger.jpg; sourceTree = "<group>"; };
		7A553C8A1A549C8300876F94 /* Lion.jpg */ = {isa = PBXFileReference; lastKnownFileType = image.jpeg; path = Lion.jpg; sourceTree = "<group>"; };
		7A553C8B1A549C8300876F94 /* LionCub1.jpg */ = {isa = PBXFileReference; lastKnownFileType = image.jpeg; path = LionCub1.jpg; sourceTree = "<group>"; };
		7A553C8C1A549C8300876F94 /* LionCub2.jpeg */ = {isa = PBXFileReference; lastKnownFileType = image.jpeg; path = LionCub2.jpeg; sourceTree = "<group>"; };
		7A553C8D1A549C8300876F94 /* Lioness.jpeg */ = {isa = PBXFileReference; lastKnownFileType = image.jpeg; path = Lioness.jpeg; sourceTree = "<group>"; };
		7A553C8E1A549C8300876F94 /* MalayanTiger.jpg */ = {isa = PBXFileReference; lastKnownFileType = image.jpeg; path = MalayanTiger.jpg; sourceTree = "<group>"; };
		7A553C8F1A549C8300876F94 /* SiberianTiger.jpg */ = {isa = PBXFileReference; lastKnownFileType = image.jpeg; path = SiberianTiger.jpg; sourceTree = "<group>"; };
/* End PBXFileReference section */

/* Begin PBXFrameworksBuildPhase section */
		7A553C5E1A54969D00876F94 /* Frameworks */ = {
			isa = PBXFrameworksBuildPhase;
			buildActionMask = 2147483647;
			files = (
			);
			runOnlyForDeploymentPostprocessing = 0;
		};
		7A553C731A54969D00876F94 /* Frameworks */ = {
			isa = PBXFrameworksBuildPhase;
			buildActionMask = 2147483647;
			files = (
			);
			runOnlyForDeploymentPostprocessing = 0;
		};
/* End PBXFrameworksBuildPhase section */

/* Begin PBXGroup section */
		7A553C581A54969D00876F94 = {
			isa = PBXGroup;
			children = (
				7A553C631A54969D00876F94 /* LionsAndTigers */,
				7A553C791A54969D00876F94 /* LionsAndTigersTests */,
				7A553C621A54969D00876F94 /* Products */,
			);
			sourceTree = "<group>";
		};
		7A553C621A54969D00876F94 /* Products */ = {
			isa = PBXGroup;
			children = (
				7A553C611A54969D00876F94 /* LionsAndTigers.app */,
				7A553C761A54969D00876F94 /* LionsAndTigersTests.xctest */,
			);
			name = Products;
			sourceTree = "<group>";
		};
		7A553C631A54969D00876F94 /* LionsAndTigers */ = {
			isa = PBXGroup;
			children = (
				7A553C661A54969D00876F94 /* AppDelegate.swift */,
				7A553C681A54969D00876F94 /* ViewController.swift */,
				7A553C861A549A3500876F94 /* Tiger.swift */,
				7A553C6A1A54969D00876F94 /* Main.storyboard */,
				7A553C6D1A54969D00876F94 /* Images.xcassets */,
				7A553C6F1A54969D00876F94 /* LaunchScreen.xib */,
				7A553C641A54969D00876F94 /* Supporting Files */,
			);
			path = LionsAndTigers;
			sourceTree = "<group>";
		};
		7A553C641A54969D00876F94 /* Supporting Files */ = {
			isa = PBXGroup;
			children = (
				7A553C881A549C8300876F94 /* BengalTiger.jpg */,
				7A553C891A549C8300876F94 /* IndochineseTiger.jpg */,
				7A553C8A1A549C8300876F94 /* Lion.jpg */,
				7A553C8B1A549C8300876F94 /* LionCub1.jpg */,
				7A553C8C1A549C8300876F94 /* LionCub2.jpeg */,
				7A553C8D1A549C8300876F94 /* Lioness.jpeg */,
				7A553C8E1A549C8300876F94 /* MalayanTiger.jpg */,
				7A553C8F1A549C8300876F94 /* SiberianTiger.jpg */,
				7A553C651A54969D00876F94 /* Info.plist */,
			);
			name = "Supporting Files";
			sourceTree = "<group>";
		};
		7A553C791A54969D00876F94 /* LionsAndTigersTests */ = {
			isa = PBXGroup;
			children = (
				7A553C7C1A54969D00876F94 /* LionsAndTigersTests.swift */,
				7A553C7A1A54969D00876F94 /* Supporting Files */,
			);
			path = LionsAndTigersTests;
			sourceTree = "<group>";
		};
		7A553C7A1A54969D00876F94 /* Supporting Files */ = {
			isa = PBXGroup;
			children = (
				7A553C7B1A54969D00876F94 /* Info.plist */,
			);
			name = "Supporting Files";
			sourceTree = "<group>";
		};
/* End PBXGroup section */

/* Begin PBXNativeTarget section */
		7A553C601A54969D00876F94 /* LionsAndTigers */ = {
			isa = PBXNativeTarget;
			buildConfigurationList = 7A553C801A54969D00876F94 /* Build configuration list for PBXNativeTarget "LionsAndTigers" */;
			buildPhases = (
				7A553C5D1A54969D00876F94 /* Sources */,
				7A553C5E1A54969D00876F94 /* Frameworks */,
				7A553C5F1A54969D00876F94 /* Resources */,
			);
			buildRules = (
			);
			dependencies = (
			);
			name = LionsAndTigers;
			productName = LionsAndTigers;
			productReference = 7A553C611A54969D00876F94 /* LionsAndTigers.app */;
			productType = "com.apple.product-type.application";
		};
		7A553C751A54969D00876F94 /* LionsAndTigersTests */ = {
			isa = PBXNativeTarget;
			buildConfigurationList = 7A553C831A54969D00876F94 /* Build configuration list for PBXNativeTarget "LionsAndTigersTests" */;
			buildPhases = (
				7A553C721A54969D00876F94 /* Sources */,
				7A553C731A54969D00876F94 /* Frameworks */,
				7A553C741A54969D00876F94 /* Resources */,
			);
			buildRules = (
			);
			dependencies = (
				7A553C781A54969D00876F94 /* PBXTargetDependency */,
			);
			name = LionsAndTigersTests;
			productName = LionsAndTigersTests;
			productReference = 7A553C761A54969D00876F94 /* LionsAndTigersTests.xctest */;
			productType = "com.apple.product-type.bundle.unit-test";
		};
/* End PBXNativeTarget section */

/* Begin PBXProject section */
		7A553C591A54969D00876F94 /* Project object */ = {
			isa = PBXProject;
			attributes = {
				LastUpgradeCheck = 0610;
				ORGANIZATIONNAME = Andy;
				TargetAttributes = {
					7A553C601A54969D00876F94 = {
						CreatedOnToolsVersion = 6.1.1;
					};
					7A553C751A54969D00876F94 = {
						CreatedOnToolsVersion = 6.1.1;
						TestTargetID = 7A553C601A54969D00876F94;
					};
				};
			};
			buildConfigurationList = 7A553C5C1A54969D00876F94 /* Build configuration list for PBXProject "LionsAndTigers" */;
			compatibilityVersion = "Xcode 3.2";
			developmentRegion = English;
			hasScannedForEncodings = 0;
			knownRegions = (
				en,
				Base,
			);
			mainGroup = 7A553C581A54969D00876F94;
			productRefGroup = 7A553C621A54969D00876F94 /* Products */;
			projectDirPath = "";
			projectRoot = "";
			targets = (
				7A553C601A54969D00876F94 /* LionsAndTigers */,
				7A553C751A54969D00876F94 /* LionsAndTigersTests */,
			);
		};
/* End PBXProject section */

/* Begin PBXResourcesBuildPhase section */
		7A553C5F1A54969D00876F94 /* Resources */ = {
			isa = PBXResourcesBuildPhase;
			buildActionMask = 2147483647;
			files = (
				7A553C911A549C8300876F94 /* IndochineseTiger.jpg in Resources */,
				7A553C6C1A54969D00876F94 /* Main.storyboard in Resources */,
				7A553C711A54969D00876F94 /* LaunchScreen.xib in Resources */,
				7A553C951A549C8300876F94 /* Lioness.jpeg in Resources */,
				7A553C931A549C8300876F94 /* LionCub1.jpg in Resources */,
				7A553C961A549C8300876F94 /* MalayanTiger.jpg in Resources */,
				7A553C971A549C8300876F94 /* SiberianTiger.jpg in Resources */,
				7A553C901A549C8300876F94 /* BengalTiger.jpg in Resources */,
				7A553C6E1A54969D00876F94 /* Images.xcassets in Resources */,
				7A553C921A549C8300876F94 /* Lion.jpg in Resources */,
				7A553C941A549C8300876F94 /* LionCub2.jpeg in Resources */,
			);
			runOnlyForDeploymentPostprocessing = 0;
		};
		7A553C741A54969D00876F94 /* Resources */ = {
			isa = PBXResourcesBuildPhase;
			buildActionMask = 2147483647;
			files = (
			);
			runOnlyForDeploymentPostprocessing = 0;
		};
/* End PBXResourcesBuildPhase section */

/* Begin PBXSourcesBuildPhase section */
		7A553C5D1A54969D00876F94 /* Sources */ = {
			isa = PBXSourcesBuildPhase;
			buildActionMask = 2147483647;
			files = (
				7A553C691A54969D00876F94 /* ViewController.swift in Sources */,
				7A553C871A549A3500876F94 /* Tiger.swift in Sources */,
				7A553C671A54969D00876F94 /* AppDelegate.swift in Sources */,
			);
			runOnlyForDeploymentPostprocessing = 0;
		};
		7A553C721A54969D00876F94 /* Sources */ = {
			isa = PBXSourcesBuildPhase;
			buildActionMask = 2147483647;
			files = (
				7A553C7D1A54969D00876F94 /* LionsAndTigersTests.swift in Sources */,
			);
			runOnlyForDeploymentPostprocessing = 0;
		};
/* End PBXSourcesBuildPhase section */

/* Begin PBXTargetDependency section */
		7A553C781A54969D00876F94 /* PBXTargetDependency */ = {
			isa = PBXTargetDependency;
			target = 7A553C601A54969D00876F94 /* LionsAndTigers */;
			targetProxy = 7A553C771A54969D00876F94 /* PBXContainerItemProxy */;
		};
/* End PBXTargetDependency section */

/* Begin PBXVariantGroup section */
		7A553C6A1A54969D00876F94 /* Main.storyboard */ = {
			isa = PBXVariantGroup;
			children = (
				7A553C6B1A54969D00876F94 /* Base */,
			);
			name = Main.storyboard;
			sourceTree = "<group>";
		};
		7A553C6F1A54969D00876F94 /* LaunchScreen.xib */ = {
			isa = PBXVariantGroup;
			children = (
				7A553C701A54969D00876F94 /* Base */,
			);
			name = LaunchScreen.xib;
			sourceTree = "<group>";
		};
/* End PBXVariantGroup section */

/* Begin XCBuildConfiguration section */
		7A553C7E1A54969D00876F94 /* Debug */ = {
			isa = XCBuildConfiguration;
			buildSettings = {
				ALWAYS_SEARCH_USER_PATHS = NO;
				CLANG_CXX_LANGUAGE_STANDARD = "gnu++0x";
				CLANG_CXX_LIBRARY = "libc++";
				CLANG_ENABLE_MODULES = YES;
				CLANG_ENABLE_OBJC_ARC = YES;
				CLANG_WARN_BOOL_CONVERSION = YES;
				CLANG_WARN_CONSTANT_CONVERSION = YES;
				CLANG_WARN_DIRECT_OBJC_ISA_USAGE = YES_ERROR;
				CLANG_WARN_EMPTY_BODY = YES;
				CLANG_WARN_ENUM_CONVERSION = YES;
				CLANG_WARN_INT_CONVERSION = YES;
				CLANG_WARN_OBJC_ROOT_CLASS = YES_ERROR;
				CLANG_WARN_UNREACHABLE_CODE = YES;
				CLANG_WARN__DUPLICATE_METHOD_MATCH = YES;
				"CODE_SIGN_IDENTITY[sdk=iphoneos*]" = "iPhone Developer";
				COPY_PHASE_STRIP = NO;
				ENABLE_STRICT_OBJC_MSGSEND = YES;
				GCC_C_LANGUAGE_STANDARD = gnu99;
				GCC_DYNAMIC_NO_PIC = NO;
				GCC_OPTIMIZATION_LEVEL = 0;
				GCC_PREPROCESSOR_DEFINITIONS = (
					"DEBUG=1",
					"$(inherited)",
				);
				GCC_SYMBOLS_PRIVATE_EXTERN = NO;
				GCC_WARN_64_TO_32_BIT_CONVERSION = YES;
				GCC_WARN_ABOUT_RETURN_TYPE = YES_ERROR;
				GCC_WARN_UNDECLARED_SELECTOR = YES;
				GCC_WARN_UNINITIALIZED_AUTOS = YES_AGGRESSIVE;
				GCC_WARN_UNUSED_FUNCTION = YES;
				GCC_WARN_UNUSED_VARIABLE = YES;
				IPHONEOS_DEPLOYMENT_TARGET = 8.1;
				MTL_ENABLE_DEBUG_INFO = YES;
				ONLY_ACTIVE_ARCH = YES;
				SDKROOT = iphoneos;
				SWIFT_OPTIMIZATION_LEVEL = "-Onone";
				TARGETED_DEVICE_FAMILY = "1,2";
			};
			name = Debug;
		};
		7A553C7F1A54969D00876F94 /* Release */ = {
			isa = XCBuildConfiguration;
			buildSettings = {
				ALWAYS_SEARCH_USER_PATHS = NO;
				CLANG_CXX_LANGUAGE_STANDARD = "gnu++0x";
				CLANG_CXX_LIBRARY = "libc++";
				CLANG_ENABLE_MODULES = YES;
				CLANG_ENABLE_OBJC_ARC = YES;
				CLANG_WARN_BOOL_CONVERSION = YES;
				CLANG_WARN_CONSTANT_CONVERSION = YES;
				CLANG_WARN_DIRECT_OBJC_ISA_USAGE = YES_ERROR;
				CLANG_WARN_EMPTY_BODY = YES;
				CLANG_WARN_ENUM_CONVERSION = YES;
				CLANG_WARN_INT_CONVERSION = YES;
				CLANG_WARN_OBJC_ROOT_CLASS = YES_ERROR;
				CLANG_WARN_UNREACHABLE_CODE = YES;
				CLANG_WARN__DUPLICATE_METHOD_MATCH = YES;
				"CODE_SIGN_IDENTITY[sdk=iphoneos*]" = "iPhone Developer";
				COPY_PHASE_STRIP = YES;
				ENABLE_NS_ASSERTIONS = NO;
				ENABLE_STRICT_OBJC_MSGSEND = YES;
				GCC_C_LANGUAGE_STANDARD = gnu99;
				GCC_WARN_64_TO_32_BIT_CONVERSION = YES;
				GCC_WARN_ABOUT_RETURN_TYPE = YES_ERROR;
				GCC_WARN_UNDECLARED_SELECTOR = YES;
				GCC_WARN_UNINITIALIZED_AUTOS = YES_AGGRESSIVE;
				GCC_WARN_UNUSED_FUNCTION = YES;
				GCC_WARN_UNUSED_VARIABLE = YES;
				IPHONEOS_DEPLOYMENT_TARGET = 8.1;
				MTL_ENABLE_DEBUG_INFO = NO;
				SDKROOT = iphoneos;
				TARGETED_DEVICE_FAMILY = "1,2";
				VALIDATE_PRODUCT = YES;
			};
			name = Release;
		};
		7A553C811A54969D00876F94 /* Debug */ = {
			isa = XCBuildConfiguration;
			buildSettings = {
				ASSETCATALOG_COMPILER_APPICON_NAME = AppIcon;
				INFOPLIST_FILE = LionsAndTigers/Info.plist;
				LD_RUNPATH_SEARCH_PATHS = "$(inherited) @executable_path/Frameworks";
				PRODUCT_NAME = "$(TARGET_NAME)";
			};
			name = Debug;
		};
		7A553C821A54969D00876F94 /* Release */ = {
			isa = XCBuildConfiguration;
			buildSettings = {
				ASSETCATALOG_COMPILER_APPICON_NAME = AppIcon;
				INFOPLIST_FILE = LionsAndTigers/Info.plist;
				LD_RUNPATH_SEARCH_PATHS = "$(inherited) @executable_path/Frameworks";
				PRODUCT_NAME = "$(TARGET_NAME)";
			};
			name = Release;
		};
		7A553C841A54969D00876F94 /* Debug */ = {
			isa = XCBuildConfiguration;
			buildSettings = {
				BUNDLE_LOADER = "$(TEST_HOST)";
				FRAMEWORK_SEARCH_PATHS = (
					"$(SDKROOT)/Developer/Library/Frameworks",
					"$(inherited)",
				);
				GCC_PREPROCESSOR_DEFINITIONS = (
					"DEBUG=1",
					"$(inherited)",
				);
				INFOPLIST_FILE = LionsAndTigersTests/Info.plist;
				LD_RUNPATH_SEARCH_PATHS = "$(inherited) @executable_path/Frameworks @loader_path/Frameworks";
				PRODUCT_NAME = "$(TARGET_NAME)";
				TEST_HOST = "$(BUILT_PRODUCTS_DIR)/LionsAndTigers.app/LionsAndTigers";
			};
			name = Debug;
		};
		7A553C851A54969D00876F94 /* Release */ = {
			isa = XCBuildConfiguration;
			buildSettings = {
				BUNDLE_LOADER = "$(TEST_HOST)";
				FRAMEWORK_SEARCH_PATHS = (
					"$(SDKROOT)/Developer/Library/Frameworks",
					"$(inherited)",
				);
				INFOPLIST_FILE = LionsAndTigersTests/Info.plist;
				LD_RUNPATH_SEARCH_PATHS = "$(inherited) @executable_path/Frameworks @loader_path/Frameworks";
				PRODUCT_NAME = "$(TARGET_NAME)";
				TEST_HOST = "$(BUILT_PRODUCTS_DIR)/LionsAndTigers.app/LionsAndTigers";
			};
			name = Release;
		};
/* End XCBuildConfiguration section */

/* Begin XCConfigurationList section */
		7A553C5C1A54969D00876F94 /* Build configuration list for PBXProject "LionsAndTigers" */ = {
			isa = XCConfigurationList;
			buildConfigurations = (
				7A553C7E1A54969D00876F94 /* Debug */,
				7A553C7F1A54969D00876F94 /* Release */,
			);
			defaultConfigurationIsVisible = 0;
			defaultConfigurationName = Release;
		};
		7A553C801A54969D00876F94 /* Build configuration list for PBXNativeTarget "LionsAndTigers" */ = {
			isa = XCConfigurationList;
			buildConfigurations = (
				7A553C811A54969D00876F94 /* Debug */,
				7A553C821A54969D00876F94 /* Release */,
			);
			defaultConfigurationIsVisible = 0;
		};
		7A553C831A54969D00876F94 /* Build configuration list for PBXNativeTarget "LionsAndTigersTests" */ = {
			isa = XCConfigurationList;
			buildConfigurations = (
				7A553C841A54969D00876F94 /* Debug */,
				7A553C851A54969D00876F94 /* Release */,
			);
			defaultConfigurationIsVisible = 0;
		};
/* End XCConfigurationList section */
	};
	rootObject = 7A553C591A54969D00876F94 /* Project object */;
}
